Microsoft Visual Studio Solution File, Format Version 12.00
# Visual Studio Version 17
VisualStudioVersion = 17.5.2.0
MinimumVisualStudioVersion = 10.0.40219.1
Project("{FAE04EC0-301F-11D3-BF4B-00C04F79EFBC}") = "HoryzenRunner", "HoryzenRunner.csproj", "{1DF4D395-E9AF-A4A4-1DE4-653C93964AC2}"
EndProject
Global
	GlobalSection(SolutionConfigurationPlatforms) = preSolution
		Debug|Any CPU = Debug|Any CPU
		Release|Any CPU = Release|Any CPU
	EndGlobalSection
	GlobalSection(ProjectConfigurationPlatforms) = postSolution
		{1DF4D395-E9AF-A4A4-1DE4-653C93964AC2}.Debug|Any CPU.ActiveCfg = Debug|Any CPU
		{1DF4D395-E9AF-A4A4-1DE4-653C93964AC2}.Debug|Any CPU.Build.0 = Debug|Any CPU
		{1DF4D395-E9AF-A4A4-1DE4-653C93964AC2}.Release|Any CPU.ActiveCfg = Release|Any CPU
		{1DF4D395-E9AF-A4A4-1DE4-653C93964AC2}.Release|Any CPU.Build.0 = Release|Any CPU
	EndGlobalSection
	GlobalSection(SolutionProperties) = preSolution
		HideSolutionNode = FALSE
	EndGlobalSection
	GlobalSection(ExtensibilityGlobals) = postSolution
		SolutionGuid = {87AC63A3-3787-4CAE-B0DD-824CC2E9C233}
	EndGlobalSection
EndGlobal
